
Microsoft Visual Studio Solution File, Format Version 12.00
# Visual Studio Version 16
VisualStudioVersion = 16.0.29509.3
MinimumVisualStudioVersion = 10.0.40219.1
Project("{FAE04EC0-301F-11D3-BF4B-00C04F79EFBC}") = "NoticeBoard_Web_API", "NoticeBoard_Web_API.csproj", "{A03B7F21-6067-4507-9448-7C8EB177CC3B}"
EndProject
Global
	GlobalSection(SolutionConfigurationPlatforms) = preSolution
		Debug|Any CPU = Debug|Any CPU
		Release|Any CPU = Release|Any CPU
	EndGlobalSection
	GlobalSection(ProjectConfigurationPlatforms) = postSolution
		{A03B7F21-6067-4507-9448-7C8EB177CC3B}.Debug|Any CPU.ActiveCfg = Debug|Any CPU
		{A03B7F21-6067-4507-9448-7C8EB177CC3B}.Debug|Any CPU.Build.0 = Debug|Any CPU
		{A03B7F21-6067-4507-9448-7C8EB177CC3B}.Release|Any CPU.ActiveCfg = Release|Any CPU
		{A03B7F21-6067-4507-9448-7C8EB177CC3B}.Release|Any CPU.Build.0 = Release|Any CPU
	EndGlobalSection
	GlobalSection(SolutionProperties) = preSolution
		HideSolutionNode = FALSE
	EndGlobalSection
	GlobalSection(ExtensibilityGlobals) = postSolution
		SolutionGuid = {58D5B93B-6BF0-420F-955F-8DB0B960D08A}
	EndGlobalSection
EndGlobal
